
Microsoft Visual Studio Solution File, Format Version 12.00
# Visual Studio Version 16
VisualStudioVersion = 16.0.30907.101
MinimumVisualStudioVersion = 10.0.40219.1
Project("{FAE04EC0-301F-11D3-BF4B-00C04F79EFBC}") = "KahveKayit", "KahveKayit\KahveKayit.csproj", "{4E48718B-158F-44C6-B6A9-EB8A0287D430}"
EndProject
Global
	GlobalSection(SolutionConfigurationPlatforms) = preSolution
		Debug|Any CPU = Debug|Any CPU
		Release|Any CPU = Release|Any CPU
	EndGlobalSection
	GlobalSection(ProjectConfigurationPlatforms) = postSolution
		{4E48718B-158F-44C6-B6A9-EB8A0287D430}.Debug|Any CPU.ActiveCfg = Debug|Any CPU
		{4E48718B-158F-44C6-B6A9-EB8A0287D430}.Debug|Any CPU.Build.0 = Debug|Any CPU
		{4E48718B-158F-44C6-B6A9-EB8A0287D430}.Release|Any CPU.ActiveCfg = Release|Any CPU
		{4E48718B-158F-44C6-B6A9-EB8A0287D430}.Release|Any CPU.Build.0 = Release|Any CPU
	EndGlobalSection
	GlobalSection(SolutionProperties) = preSolution
		HideSolutionNode = FALSE
	EndGlobalSection
	GlobalSection(ExtensibilityGlobals) = postSolution
		SolutionGuid = {BF2D0B76-C548-4C57-A41A-3F9FCA3E6BC6}
	EndGlobalSection
EndGlobal
